
Microsoft Visual Studio Solution File, Format Version 12.00
# Visual Studio 15
VisualStudioVersion = 15.0.26730.3
MinimumVisualStudioVersion = 10.0.40219.1
Project("{FAE04EC0-301F-11D3-BF4B-00C04F79EFBC}") = "NUnitFrameworkExtensions", "NUnitFrameworkExtensions\NUnitFrameworkExtensions.csproj", "{338468E3-0119-4A70-81D9-FB6788789A25}"
EndProject
Global
	GlobalSection(SolutionConfigurationPlatforms) = preSolution
		Debug|Any CPU = Debug|Any CPU
		Release|Any CPU = Release|Any CPU
	EndGlobalSection
	GlobalSection(ProjectConfigurationPlatforms) = postSolution
		{338468E3-0119-4A70-81D9-FB6788789A25}.Debug|Any CPU.ActiveCfg = Debug|Any CPU
		{338468E3-0119-4A70-81D9-FB6788789A25}.Debug|Any CPU.Build.0 = Debug|Any CPU
		{338468E3-0119-4A70-81D9-FB6788789A25}.Release|Any CPU.ActiveCfg = Release|Any CPU
		{338468E3-0119-4A70-81D9-FB6788789A25}.Release|Any CPU.Build.0 = Release|Any CPU
	EndGlobalSection
	GlobalSection(SolutionProperties) = preSolution
		HideSolutionNode = FALSE
	EndGlobalSection
	GlobalSection(ExtensibilityGlobals) = postSolution
		SolutionGuid = {1D1C98DA-DB7F-4B50-AA16-F89BC91EAC40}
	EndGlobalSection
EndGlobal
